
Microsoft Visual Studio Solution File, Format Version 12.00
# Visual Studio Version 17
VisualStudioVersion = 17.0.31903.59
MinimumVisualStudioVersion = 10.0.40219.1
Project("{2150E333-8FDC-42A3-9474-1A3956D46DE8}") = "src", "src", "{BEE5432B-280C-428C-BA48-868D69166DB2}"
EndProject
Project("{2150E333-8FDC-42A3-9474-1A3956D46DE8}") = "San", "San", "{FC37556A-E2EA-4FC6-A606-9F57E22E4DA0}"
EndProject
Project("{FAE04EC0-301F-11D3-BF4B-00C04F79EFBC}") = "San.Common", "src\San\San.Common\San.Common.csproj", "{03461523-F956-4C28-B143-84C261595391}"
EndProject
Project("{FAE04EC0-301F-11D3-BF4B-00C04F79EFBC}") = "San.Nexus.Control", "src\San\San.Nexus.Control\San.Nexus.Control.csproj", "{A9F6BF58-1732-42D9-9416-36E876446676}"
EndProject
Project("{2150E333-8FDC-42A3-9474-1A3956D46DE8}") = "SLI", "SLI", "{CB147EAD-25CC-400D-B429-709E68DF02E4}"
EndProject
Project("{FAE04EC0-301F-11D3-BF4B-00C04F79EFBC}") = "SLI.Engine", "src\SLI\SLI.Engine\SLI.Engine.csproj", "{04E7D0C7-9625-4537-90F8-C3E2D14389CD}"
EndProject
Project("{FAE04EC0-301F-11D3-BF4B-00C04F79EFBC}") = "SLI.Lisp", "src\SLI\SLI.Lisp\SLI.Lisp.csproj", "{486B055F-8F4E-46E4-9388-0D6DDA5A6E52}"
EndProject
Project("{FAE04EC0-301F-11D3-BF4B-00C04F79EFBC}") = "SLI.Runtime", "src\SLI\SLI.Runtime\SLI.Runtime.csproj", "{A51F4266-C355-4314-8B95-A0C5A16D3262}"
EndProject
Project("{2150E333-8FDC-42A3-9474-1A3956D46DE8}") = "tests", "tests", "{B4829630-6E47-4342-9C58-070A82EA3FC2}"
EndProject
Project("{2150E333-8FDC-42A3-9474-1A3956D46DE8}") = "San.Tests", "San.Tests", "{80989694-E460-43EA-9C3C-BDFB9DDF4E0C}"
EndProject
Project("{FAE04EC0-301F-11D3-BF4B-00C04F79EFBC}") = "San.Audit.Tests", "tests\San\San.Audit.Tests\San.Audit.Tests.csproj", "{B3446046-4BF1-41E0-9B14-7A9011B20BC8}"
EndProject
Project("{FAE04EC0-301F-11D3-BF4B-00C04F79EFBC}") = "San.Product.Preflight", "src\San\San.Product.Preflight\San.Product.Preflight.csproj", "{CFB48D79-C03A-494E-BE4F-49310C930379}"
EndProject
Project("{FAE04EC0-301F-11D3-BF4B-00C04F79EFBC}") = "San.Launcher", "src\San\San.Launcher\San.Launcher.csproj", "{3450446D-B41C-49AC-8580-32E6325DD854}"
EndProject
Global
	GlobalSection(SolutionConfigurationPlatforms) = preSolution
		Debug|Any CPU = Debug|Any CPU
		Release|Any CPU = Release|Any CPU
	EndGlobalSection
	GlobalSection(SolutionProperties) = preSolution
		HideSolutionNode = FALSE
	EndGlobalSection
	GlobalSection(ProjectConfigurationPlatforms) = postSolution
		{03461523-F956-4C28-B143-84C261595391}.Debug|Any CPU.ActiveCfg = Debug|Any CPU
		{03461523-F956-4C28-B143-84C261595391}.Debug|Any CPU.Build.0 = Debug|Any CPU
		{03461523-F956-4C28-B143-84C261595391}.Release|Any CPU.ActiveCfg = Release|Any CPU
		{03461523-F956-4C28-B143-84C261595391}.Release|Any CPU.Build.0 = Release|Any CPU
		{A9F6BF58-1732-42D9-9416-36E876446676}.Debug|Any CPU.ActiveCfg = Debug|Any CPU
		{A9F6BF58-1732-42D9-9416-36E876446676}.Debug|Any CPU.Build.0 = Debug|Any CPU
		{A9F6BF58-1732-42D9-9416-36E876446676}.Release|Any CPU.ActiveCfg = Release|Any CPU
		{A9F6BF58-1732-42D9-9416-36E876446676}.Release|Any CPU.Build.0 = Release|Any CPU
		{04E7D0C7-9625-4537-90F8-C3E2D14389CD}.Debug|Any CPU.ActiveCfg = Debug|Any CPU
		{04E7D0C7-9625-4537-90F8-C3E2D14389CD}.Debug|Any CPU.Build.0 = Debug|Any CPU
		{04E7D0C7-9625-4537-90F8-C3E2D14389CD}.Release|Any CPU.ActiveCfg = Release|Any CPU
		{04E7D0C7-9625-4537-90F8-C3E2D14389CD}.Release|Any CPU.Build.0 = Release|Any CPU
		{486B055F-8F4E-46E4-9388-0D6DDA5A6E52}.Debug|Any CPU.ActiveCfg = Debug|Any CPU
		{486B055F-8F4E-46E4-9388-0D6DDA5A6E52}.Debug|Any CPU.Build.0 = Debug|Any CPU
		{486B055F-8F4E-46E4-9388-0D6DDA5A6E52}.Release|Any CPU.ActiveCfg = Release|Any CPU
		{486B055F-8F4E-46E4-9388-0D6DDA5A6E52}.Release|Any CPU.Build.0 = Release|Any CPU
		{A51F4266-C355-4314-8B95-A0C5A16D3262}.Debug|Any CPU.ActiveCfg = Debug|Any CPU
		{A51F4266-C355-4314-8B95-A0C5A16D3262}.Debug|Any CPU.Build.0 = Debug|Any CPU
		{A51F4266-C355-4314-8B95-A0C5A16D3262}.Release|Any CPU.ActiveCfg = Release|Any CPU
		{A51F4266-C355-4314-8B95-A0C5A16D3262}.Release|Any CPU.Build.0 = Release|Any CPU
		{B3446046-4BF1-41E0-9B14-7A9011B20BC8}.Debug|Any CPU.ActiveCfg = Debug|Any CPU
		{B3446046-4BF1-41E0-9B14-7A9011B20BC8}.Debug|Any CPU.Build.0 = Debug|Any CPU
		{B3446046-4BF1-41E0-9B14-7A9011B20BC8}.Release|Any CPU.ActiveCfg = Release|Any CPU
		{B3446046-4BF1-41E0-9B14-7A9011B20BC8}.Release|Any CPU.Build.0 = Release|Any CPU
		{CFB48D79-C03A-494E-BE4F-49310C930379}.Debug|Any CPU.ActiveCfg = Debug|Any CPU
		{CFB48D79-C03A-494E-BE4F-49310C930379}.Debug|Any CPU.Build.0 = Debug|Any CPU
		{CFB48D79-C03A-494E-BE4F-49310C930379}.Release|Any CPU.ActiveCfg = Release|Any CPU
		{CFB48D79-C03A-494E-BE4F-49310C930379}.Release|Any CPU.Build.0 = Release|Any CPU
		{3450446D-B41C-49AC-8580-32E6325DD854}.Debug|Any CPU.ActiveCfg = Debug|Any CPU
		{3450446D-B41C-49AC-8580-32E6325DD854}.Debug|Any CPU.Build.0 = Debug|Any CPU
		{3450446D-B41C-49AC-8580-32E6325DD854}.Release|Any CPU.ActiveCfg = Release|Any CPU
		{3450446D-B41C-49AC-8580-32E6325DD854}.Release|Any CPU.Build.0 = Release|Any CPU
	EndGlobalSection
	GlobalSection(NestedProjects) = preSolution
		{FC37556A-E2EA-4FC6-A606-9F57E22E4DA0} = {BEE5432B-280C-428C-BA48-868D69166DB2}
		{03461523-F956-4C28-B143-84C261595391} = {FC37556A-E2EA-4FC6-A606-9F57E22E4DA0}
		{A9F6BF58-1732-42D9-9416-36E876446676} = {FC37556A-E2EA-4FC6-A606-9F57E22E4DA0}
		{CB147EAD-25CC-400D-B429-709E68DF02E4} = {BEE5432B-280C-428C-BA48-868D69166DB2}
		{04E7D0C7-9625-4537-90F8-C3E2D14389CD} = {CB147EAD-25CC-400D-B429-709E68DF02E4}
		{486B055F-8F4E-46E4-9388-0D6DDA5A6E52} = {CB147EAD-25CC-400D-B429-709E68DF02E4}
		{A51F4266-C355-4314-8B95-A0C5A16D3262} = {CB147EAD-25CC-400D-B429-709E68DF02E4}
		{80989694-E460-43EA-9C3C-BDFB9DDF4E0C} = {B4829630-6E47-4342-9C58-070A82EA3FC2}
		{B3446046-4BF1-41E0-9B14-7A9011B20BC8} = {80989694-E460-43EA-9C3C-BDFB9DDF4E0C}
		{CFB48D79-C03A-494E-BE4F-49310C930379} = {FC37556A-E2EA-4FC6-A606-9F57E22E4DA0}
		{3450446D-B41C-49AC-8580-32E6325DD854} = {FC37556A-E2EA-4FC6-A606-9F57E22E4DA0}
	EndGlobalSection
EndGlobal
